
Microsoft Visual Studio Solution File, Format Version 12.00
# Visual Studio 2015
Project("{FAE04EC0-301F-11D3-BF4B-00C04F79EFBC}") = "CubeRoll.CSharp.Plugins", "CubeRoll.CSharp.Plugins.csproj", "{DABF3787-1EED-1524-AF18-A6BF0AB46CB5}"
EndProject
Project("{FAE04EC0-301F-11D3-BF4B-00C04F79EFBC}") = "CubeRoll.CSharp", "CubeRoll.CSharp.csproj", "{ACC1AC33-6AEB-AB6C-A297-C2E16CF76DEA}"
EndProject
Project("{FAE04EC0-301F-11D3-BF4B-00C04F79EFBC}") = "CubeRoll.CSharp.Editor", "CubeRoll.CSharp.Editor.csproj", "{A23F25FF-61CA-2CC0-258B-01F12413B36E}"
EndProject
Global
	GlobalSection(SolutionConfigurationPlatforms) = preSolution
		Debug|Any CPU = Debug|Any CPU
		Release|Any CPU = Release|Any CPU
	EndGlobalSection
	GlobalSection(ProjectConfigurationPlatforms) = postSolution
		{DABF3787-1EED-1524-AF18-A6BF0AB46CB5}.Debug|Any CPU.ActiveCfg = Debug|Any CPU
		{DABF3787-1EED-1524-AF18-A6BF0AB46CB5}.Debug|Any CPU.Build.0 = Debug|Any CPU
		{DABF3787-1EED-1524-AF18-A6BF0AB46CB5}.Release|Any CPU.ActiveCfg = Release|Any CPU
		{DABF3787-1EED-1524-AF18-A6BF0AB46CB5}.Release|Any CPU.Build.0 = Release|Any CPU
		{ACC1AC33-6AEB-AB6C-A297-C2E16CF76DEA}.Debug|Any CPU.ActiveCfg = Debug|Any CPU
		{ACC1AC33-6AEB-AB6C-A297-C2E16CF76DEA}.Debug|Any CPU.Build.0 = Debug|Any CPU
		{ACC1AC33-6AEB-AB6C-A297-C2E16CF76DEA}.Release|Any CPU.ActiveCfg = Release|Any CPU
		{ACC1AC33-6AEB-AB6C-A297-C2E16CF76DEA}.Release|Any CPU.Build.0 = Release|Any CPU
		{A23F25FF-61CA-2CC0-258B-01F12413B36E}.Debug|Any CPU.ActiveCfg = Debug|Any CPU
		{A23F25FF-61CA-2CC0-258B-01F12413B36E}.Debug|Any CPU.Build.0 = Debug|Any CPU
		{A23F25FF-61CA-2CC0-258B-01F12413B36E}.Release|Any CPU.ActiveCfg = Release|Any CPU
		{A23F25FF-61CA-2CC0-258B-01F12413B36E}.Release|Any CPU.Build.0 = Release|Any CPU
	EndGlobalSection
	GlobalSection(SolutionProperties) = preSolution
		HideSolutionNode = FALSE
	EndGlobalSection
EndGlobal
